Microsoft Visual Studio Solution File, Format Version 12.00
# Visual Studio Version 17
VisualStudioVersion = 17.5.2.0
MinimumVisualStudioVersion = 10.0.40219.1
Project("{FAE04EC0-301F-11D3-BF4B-00C04F79EFBC}") = "AspNetCoreApp", "AspNetCoreApp\AspNetCoreApp.csproj", "{9B695C1D-47BB-4945-ADEE-F08CE926CF0D}"
EndProject
Project("{FAE04EC0-301F-11D3-BF4B-00C04F79EFBC}") = "AspNetCoreApp.Tests", "AspNetCoreApp.Tests\AspNetCoreApp.Tests.csproj", "{4A806BC7-22F8-44AC-9598-3590249DBE31}"
EndProject
Global
	GlobalSection(SolutionProperties) = preSolution
		HideSolutionNode = FALSE
	EndGlobalSection
	GlobalSection(ExtensibilityGlobals) = postSolution
		SolutionGuid = {E46B749C-DF68-4C20-8221-65CF2C8E65DF}
	EndGlobalSection
	GlobalSection(SolutionConfigurationPlatforms) = preSolution
		Debug|Any CPU = Debug|Any CPU
		Debug|x64 = Debug|x64
		Debug|x86 = Debug|x86
		Release|Any CPU = Release|Any CPU
		Release|x64 = Release|x64
		Release|x86 = Release|x86
	EndGlobalSection
	GlobalSection(ProjectConfigurationPlatforms) = postSolution
		{9B695C1D-47BB-4945-ADEE-F08CE926CF0D}.Debug|Any CPU.ActiveCfg = Debug|Any CPU
		{9B695C1D-47BB-4945-ADEE-F08CE926CF0D}.Debug|Any CPU.Build.0 = Debug|Any CPU
		{9B695C1D-47BB-4945-ADEE-F08CE926CF0D}.Debug|x64.ActiveCfg = Debug|Any CPU
		{9B695C1D-47BB-4945-ADEE-F08CE926CF0D}.Debug|x64.Build.0 = Debug|Any CPU
		{9B695C1D-47BB-4945-ADEE-F08CE926CF0D}.Debug|x86.ActiveCfg = Debug|Any CPU
		{9B695C1D-47BB-4945-ADEE-F08CE926CF0D}.Debug|x86.Build.0 = Debug|Any CPU
		{9B695C1D-47BB-4945-ADEE-F08CE926CF0D}.Release|Any CPU.ActiveCfg = Release|Any CPU
		{9B695C1D-47BB-4945-ADEE-F08CE926CF0D}.Release|Any CPU.Build.0 = Release|Any CPU
		{9B695C1D-47BB-4945-ADEE-F08CE926CF0D}.Release|x64.ActiveCfg = Release|Any CPU
		{9B695C1D-47BB-4945-ADEE-F08CE926CF0D}.Release|x64.Build.0 = Release|Any CPU
		{9B695C1D-47BB-4945-ADEE-F08CE926CF0D}.Release|x86.ActiveCfg = Release|Any CPU
		{9B695C1D-47BB-4945-ADEE-F08CE926CF0D}.Release|x86.Build.0 = Release|Any CPU
		{4A806BC7-22F8-44AC-9598-3590249DBE31}.Debug|Any CPU.ActiveCfg = Debug|Any CPU
		{4A806BC7-22F8-44AC-9598-3590249DBE31}.Debug|Any CPU.Build.0 = Debug|Any CPU
		{4A806BC7-22F8-44AC-9598-3590249DBE31}.Debug|x64.ActiveCfg = Debug|Any CPU
		{4A806BC7-22F8-44AC-9598-3590249DBE31}.Debug|x64.Build.0 = Debug|Any CPU
		{4A806BC7-22F8-44AC-9598-3590249DBE31}.Debug|x86.ActiveCfg = Debug|Any CPU
		{4A806BC7-22F8-44AC-9598-3590249DBE31}.Debug|x86.Build.0 = Debug|Any CPU
		{4A806BC7-22F8-44AC-9598-3590249DBE31}.Release|Any CPU.ActiveCfg = Release|Any CPU
		{4A806BC7-22F8-44AC-9598-3590249DBE31}.Release|Any CPU.Build.0 = Release|Any CPU
		{4A806BC7-22F8-44AC-9598-3590249DBE31}.Release|x64.ActiveCfg = Release|Any CPU
		{4A806BC7-22F8-44AC-9598-3590249DBE31}.Release|x64.Build.0 = Release|Any CPU
		{4A806BC7-22F8-44AC-9598-3590249DBE31}.Release|x86.ActiveCfg = Release|Any CPU
		{4A806BC7-22F8-44AC-9598-3590249DBE31}.Release|x86.Build.0 = Release|Any CPU
	EndGlobalSection
EndGlobal
